
Microsoft Visual Studio Solution File, Format Version 12.00
# Visual Studio Version 17
VisualStudioVersion = 17.5.002.0
MinimumVisualStudioVersion = 10.0.40219.1
Project("{9A19103F-16F7-4668-BE54-9A1E7A4F7556}") = "DotNetApp", "DotNetApp.csproj", "{0C47FFCE-E409-4C2B-847E-58104F834232}"
EndProject
Global
	GlobalSection(SolutionConfigurationPlatforms) = preSolution
		Debug|Any CPU = Debug|Any CPU
		Release|Any CPU = Release|Any CPU
	EndGlobalSection
	GlobalSection(ProjectConfigurationPlatforms) = postSolution
		{0C47FFCE-E409-4C2B-847E-58104F834232}.Debug|Any CPU.ActiveCfg = Debug|Any CPU
		{0C47FFCE-E409-4C2B-847E-58104F834232}.Debug|Any CPU.Build.0 = Debug|Any CPU
		{0C47FFCE-E409-4C2B-847E-58104F834232}.Release|Any CPU.ActiveCfg = Release|Any CPU
		{0C47FFCE-E409-4C2B-847E-58104F834232}.Release|Any CPU.Build.0 = Release|Any CPU
	EndGlobalSection
	GlobalSection(SolutionProperties) = preSolution
		HideSolutionNode = FALSE
	EndGlobalSection
	GlobalSection(ExtensibilityGlobals) = postSolution
		SolutionGuid = {C68E127A-6BE4-4845-9F6D-1F7FD75D6DC0}
	EndGlobalSection
EndGlobal
